<?xml version="1.0" encoding="utf-8"?>
<Project ToolsVersion="4.0" xmlns="http://schemas.microsoft.com/developer/msbuild/2003">
	<ItemGroup>
		<Filter Include="IOFX"><!--  -->
		</Filter>
	</ItemGroup>
	<ItemGroup>
		<Filter Include="IOFX\src"><!--  -->
		</Filter>
	</ItemGroup>
	<ItemGroup>
		<ClCompile Include="..\..\module\iofx\src\ApexRenderVolume.cpp">
			<Filter>IOFX\src</Filter>
		</ClCompile>
		<ClCompile Include="..\..\module\iofx\src\ColorVsDensityCompositeModifierParams.cpp">
			<Filter>IOFX\src</Filter>
		</ClCompile>
		<ClCompile Include="..\..\module\iofx\src\ColorVsDensityModifierParams.cpp">
			<Filter>IOFX\src</Filter>
		</ClCompile>
		<ClCompile Include="..\..\module\iofx\src\ColorVsLifeCompositeModifierParams.cpp">
			<Filter>IOFX\src</Filter>
		</ClCompile>
		<ClCompile Include="..\..\module\iofx\src\ColorVsLifeModifierParams.cpp">
			<Filter>IOFX\src</Filter>
		</ClCompile>
		<ClCompile Include="..\..\module\iofx\src\ColorVsTemperatureCompositeModifierParams.cpp">
			<Filter>IOFX\src</Filter>
		</ClCompile>
		<ClCompile Include="..\..\module\iofx\src\ColorVsTemperatureModifierParams.cpp">
			<Filter>IOFX\src</Filter>
		</ClCompile>
		<ClCompile Include="..\..\module\iofx\src\ColorVsVelocityCompositeModifierParams.cpp">
			<Filter>IOFX\src</Filter>
		</ClCompile>
		<ClCompile Include="..\..\module\iofx\src\ColorVsVelocityModifierParams.cpp">
			<Filter>IOFX\src</Filter>
		</ClCompile>
		<ClCompile Include="..\..\module\iofx\src\InitialColorModifierParams.cpp">
			<Filter>IOFX\src</Filter>
		</ClCompile>
		<ClCompile Include="..\..\module\iofx\src\IofxActor.cpp">
			<Filter>IOFX\src</Filter>
		</ClCompile>
		<ClCompile Include="..\..\module\iofx\src\IofxActorCPU.cpp">
			<Filter>IOFX\src</Filter>
		</ClCompile>
		<ClCompile Include="..\..\module\iofx\src\IofxAsset.cpp">
			<Filter>IOFX\src</Filter>
		</ClCompile>
		<ClCompile Include="..\..\module\iofx\src\IofxAssetParameters.cpp">
			<Filter>IOFX\src</Filter>
		</ClCompile>
		<ClCompile Include="..\..\module\iofx\src\IofxDebugRenderParams.cpp">
			<Filter>IOFX\src</Filter>
		</ClCompile>
		<ClCompile Include="..\..\module\iofx\src\IofxManager.cpp">
			<Filter>IOFX\src</Filter>
		</ClCompile>
		<ClCompile Include="..\..\module\iofx\src\IofxManagerGPU.cpp">
			<Filter>IOFX\src</Filter>
		</ClCompile>
		<ClCompile Include="..\..\module\iofx\src\IofxModuleParameters.cpp">
			<Filter>IOFX\src</Filter>
		</ClCompile>
		<ClCompile Include="..\..\module\iofx\src\IofxRenderDataMesh.cpp">
			<Filter>IOFX\src</Filter>
		</ClCompile>
		<ClCompile Include="..\..\module\iofx\src\IofxRenderDataSprite.cpp">
			<Filter>IOFX\src</Filter>
		</ClCompile>
		<ClCompile Include="..\..\module\iofx\src\IofxScene.cpp">
			<Filter>IOFX\src</Filter>
		</ClCompile>
		<ClCompile Include="..\..\module\iofx\src\MeshIofxParameters.cpp">
			<Filter>IOFX\src</Filter>
		</ClCompile>
		<ClCompile Include="..\..\module\iofx\src\Modifier.cpp">
			<Filter>IOFX\src</Filter>
		</ClCompile>
		<ClCompile Include="..\..\module\iofx\src\ModifierCPU.cpp">
			<Filter>IOFX\src</Filter>
		</ClCompile>
		<ClCompile Include="..\..\module\iofx\src\ModifierGPU.cpp">
			<Filter>IOFX\src</Filter>
		</ClCompile>
		<ClCompile Include="..\..\module\iofx\src\ModuleIofx.cpp">
			<Filter>IOFX\src</Filter>
		</ClCompile>
		<ClCompile Include="..\..\module\iofx\src\OrientAlongVelocityModifierParams.cpp">
			<Filter>IOFX\src</Filter>
		</ClCompile>
		<ClCompile Include="..\..\module\iofx\src\OrientScaleAlongScreenVelocityModifierParams.cpp">
			<Filter>IOFX\src</Filter>
		</ClCompile>
		<ClCompile Include="..\..\module\iofx\src\RandomRotationModifierParams.cpp">
			<Filter>IOFX\src</Filter>
		</ClCompile>
		<ClCompile Include="..\..\module\iofx\src\RandomScaleModifierParams.cpp">
			<Filter>IOFX\src</Filter>
		</ClCompile>
		<ClCompile Include="..\..\module\iofx\src\RandomSubtextureModifierParams.cpp">
			<Filter>IOFX\src</Filter>
		</ClCompile>
		<ClCompile Include="..\..\module\iofx\src\RotationModifierParams.cpp">
			<Filter>IOFX\src</Filter>
		</ClCompile>
		<ClCompile Include="..\..\module\iofx\src\RotationRateModifierParams.cpp">
			<Filter>IOFX\src</Filter>
		</ClCompile>
		<ClCompile Include="..\..\module\iofx\src\RotationRateVsLifeModifierParams.cpp">
			<Filter>IOFX\src</Filter>
		</ClCompile>
		<ClCompile Include="..\..\module\iofx\src\ScaleAlongVelocityModifierParams.cpp">
			<Filter>IOFX\src</Filter>
		</ClCompile>
		<ClCompile Include="..\..\module\iofx\src\ScaleByMassModifierParams.cpp">
			<Filter>IOFX\src</Filter>
		</ClCompile>
		<ClCompile Include="..\..\module\iofx\src\ScaleVsCameraDistance2DModifierParams.cpp">
			<Filter>IOFX\src</Filter>
		</ClCompile>
		<ClCompile Include="..\..\module\iofx\src\ScaleVsCameraDistance3DModifierParams.cpp">
			<Filter>IOFX\src</Filter>
		</ClCompile>
		<ClCompile Include="..\..\module\iofx\src\ScaleVsCameraDistanceModifierParams.cpp">
			<Filter>IOFX\src</Filter>
		</ClCompile>
		<ClCompile Include="..\..\module\iofx\src\ScaleVsDensity2DModifierParams.cpp">
			<Filter>IOFX\src</Filter>
		</ClCompile>
		<ClCompile Include="..\..\module\iofx\src\ScaleVsDensity3DModifierParams.cpp">
			<Filter>IOFX\src</Filter>
		</ClCompile>
		<ClCompile Include="..\..\module\iofx\src\ScaleVsDensityModifierParams.cpp">
			<Filter>IOFX\src</Filter>
		</ClCompile>
		<ClCompile Include="..\..\module\iofx\src\ScaleVsLife2DModifierParams.cpp">
			<Filter>IOFX\src</Filter>
		</ClCompile>
		<ClCompile Include="..\..\module\iofx\src\ScaleVsLife3DModifierParams.cpp">
			<Filter>IOFX\src</Filter>
		</ClCompile>
		<ClCompile Include="..\..\module\iofx\src\ScaleVsLifeModifierParams.cpp">
			<Filter>IOFX\src</Filter>
		</ClCompile>
		<ClCompile Include="..\..\module\iofx\src\ScaleVsTemperature2DModifierParams.cpp">
			<Filter>IOFX\src</Filter>
		</ClCompile>
		<ClCompile Include="..\..\module\iofx\src\ScaleVsTemperature3DModifierParams.cpp">
			<Filter>IOFX\src</Filter>
		</ClCompile>
		<ClCompile Include="..\..\module\iofx\src\ScaleVsTemperatureModifierParams.cpp">
			<Filter>IOFX\src</Filter>
		</ClCompile>
		<ClCompile Include="..\..\module\iofx\src\SimpleScaleModifierParams.cpp">
			<Filter>IOFX\src</Filter>
		</ClCompile>
		<ClCompile Include="..\..\module\iofx\src\SpriteIofxParameters.cpp">
			<Filter>IOFX\src</Filter>
		</ClCompile>
		<ClCompile Include="..\..\module\iofx\src\SubtextureVsLifeModifierParams.cpp">
			<Filter>IOFX\src</Filter>
		</ClCompile>
		<ClCompile Include="..\..\module\iofx\src\ViewDirectionSortingModifierParams.cpp">
			<Filter>IOFX\src</Filter>
		</ClCompile>
	</ItemGroup>
	<ItemGroup>
		<Filter Include="IOFX\include"><!--  -->
		</Filter>
	</ItemGroup>
	<ItemGroup>
		<ClInclude Include="..\..\module\iofx\include\ApexRenderVolume.h">
			<Filter>IOFX\include</Filter>
		</ClInclude>
		<ClInclude Include="..\..\module\iofx\include\ARLSort.h">
			<Filter>IOFX\include</Filter>
		</ClInclude>
		<ClInclude Include="..\..\module\iofx\include\ColorVsDensityCompositeModifierParams.h">
			<Filter>IOFX\include</Filter>
		</ClInclude>
		<ClInclude Include="..\..\module\iofx\include\ColorVsDensityModifierParams.h">
			<Filter>IOFX\include</Filter>
		</ClInclude>
		<ClInclude Include="..\..\module\iofx\include\ColorVsLifeCompositeModifierParams.h">
			<Filter>IOFX\include</Filter>
		</ClInclude>
		<ClInclude Include="..\..\module\iofx\include\ColorVsLifeModifierParams.h">
			<Filter>IOFX\include</Filter>
		</ClInclude>
		<ClInclude Include="..\..\module\iofx\include\ColorVsTemperatureCompositeModifierParams.h">
			<Filter>IOFX\include</Filter>
		</ClInclude>
		<ClInclude Include="..\..\module\iofx\include\ColorVsTemperatureModifierParams.h">
			<Filter>IOFX\include</Filter>
		</ClInclude>
		<ClInclude Include="..\..\module\iofx\include\ColorVsVelocityCompositeModifierParams.h">
			<Filter>IOFX\include</Filter>
		</ClInclude>
		<ClInclude Include="..\..\module\iofx\include\ColorVsVelocityModifierParams.h">
			<Filter>IOFX\include</Filter>
		</ClInclude>
		<ClInclude Include="..\..\module\iofx\include\InitialColorModifierParams.h">
			<Filter>IOFX\include</Filter>
		</ClInclude>
		<ClInclude Include="..\..\module\iofx\include\IofxActor.h">
			<Filter>IOFX\include</Filter>
		</ClInclude>
		<ClInclude Include="..\..\module\iofx\include\IofxActorCPU.h">
			<Filter>IOFX\include</Filter>
		</ClInclude>
		<ClInclude Include="..\..\module\iofx\include\IofxActorGPU.h">
			<Filter>IOFX\include</Filter>
		</ClInclude>
		<ClInclude Include="..\..\module\iofx\include\IofxAsset.h">
			<Filter>IOFX\include</Filter>
		</ClInclude>
		<ClInclude Include="..\..\module\iofx\include\IofxAssetParameters.h">
			<Filter>IOFX\include</Filter>
		</ClInclude>
		<ClInclude Include="..\..\module\iofx\include\IofxDebugRenderParams.h">
			<Filter>IOFX\include</Filter>
		</ClInclude>
		<ClInclude Include="..\..\module\iofx\include\IofxManager.h">
			<Filter>IOFX\include</Filter>
		</ClInclude>
		<ClInclude Include="..\..\module\iofx\include\IofxManagerGPU.h">
			<Filter>IOFX\include</Filter>
		</ClInclude>
		<ClInclude Include="..\..\module\iofx\include\IofxManagerTestData.h">
			<Filter>IOFX\include</Filter>
		</ClInclude>
		<ClInclude Include="..\..\module\iofx\include\IofxModuleParameters.h">
			<Filter>IOFX\include</Filter>
		</ClInclude>
		<ClInclude Include="..\..\module\iofx\include\IofxOutputData.h">
			<Filter>IOFX\include</Filter>
		</ClInclude>
		<ClInclude Include="..\..\module\iofx\include\IofxParamClasses.h">
			<Filter>IOFX\include</Filter>
		</ClInclude>
		<ClInclude Include="..\..\module\iofx\include\IofxRenderData.h">
			<Filter>IOFX\include</Filter>
		</ClInclude>
		<ClInclude Include="..\..\module\iofx\include\IofxScene.h">
			<Filter>IOFX\include</Filter>
		</ClInclude>
		<ClInclude Include="..\..\module\iofx\include\IofxSceneCPU.h">
			<Filter>IOFX\include</Filter>
		</ClInclude>
		<ClInclude Include="..\..\module\iofx\include\IofxSceneGPU.h">
			<Filter>IOFX\include</Filter>
		</ClInclude>
		<ClInclude Include="..\..\module\iofx\include\IosObjectData.h">
			<Filter>IOFX\include</Filter>
		</ClInclude>
		<ClInclude Include="..\..\module\iofx\include\MeshIofxParameters.h">
			<Filter>IOFX\include</Filter>
		</ClInclude>
		<ClInclude Include="..\..\module\iofx\include\Modifier.h">
			<Filter>IOFX\include</Filter>
		</ClInclude>
		<ClInclude Include="..\..\module\iofx\include\ModifierData.h">
			<Filter>IOFX\include</Filter>
		</ClInclude>
		<ClInclude Include="..\..\module\iofx\include\ModifierList.h">
			<Filter>IOFX\include</Filter>
		</ClInclude>
		<ClInclude Include="..\..\module\iofx\include\ModifierSrc.h">
			<Filter>IOFX\include</Filter>
		</ClInclude>
		<ClInclude Include="..\..\module\iofx\include\ModuleEventDefs.h">
			<Filter>IOFX\include</Filter>
		</ClInclude>
		<ClInclude Include="..\..\module\iofx\include\ModuleIofx.h">
			<Filter>IOFX\include</Filter>
		</ClInclude>
		<ClInclude Include="..\..\module\iofx\include\ModulePerfScope.h">
			<Filter>IOFX\include</Filter>
		</ClInclude>
		<ClInclude Include="..\..\module\iofx\include\OrientAlongVelocityModifierParams.h">
			<Filter>IOFX\include</Filter>
		</ClInclude>
		<ClInclude Include="..\..\module\iofx\include\OrientScaleAlongScreenVelocityModifierParams.h">
			<Filter>IOFX\include</Filter>
		</ClInclude>
		<ClInclude Include="..\..\module\iofx\include\RandomRotationModifierParams.h">
			<Filter>IOFX\include</Filter>
		</ClInclude>
		<ClInclude Include="..\..\module\iofx\include\RandomScaleModifierParams.h">
			<Filter>IOFX\include</Filter>
		</ClInclude>
		<ClInclude Include="..\..\module\iofx\include\RandomSubtextureModifierParams.h">
			<Filter>IOFX\include</Filter>
		</ClInclude>
		<ClInclude Include="..\..\module\iofx\include\RotationModifierParams.h">
			<Filter>IOFX\include</Filter>
		</ClInclude>
		<ClInclude Include="..\..\module\iofx\include\RotationRateModifierParams.h">
			<Filter>IOFX\include</Filter>
		</ClInclude>
		<ClInclude Include="..\..\module\iofx\include\RotationRateVsLifeModifierParams.h">
			<Filter>IOFX\include</Filter>
		</ClInclude>
		<ClInclude Include="..\..\module\iofx\include\ScaleAlongVelocityModifierParams.h">
			<Filter>IOFX\include</Filter>
		</ClInclude>
		<ClInclude Include="..\..\module\iofx\include\ScaleByMassModifierParams.h">
			<Filter>IOFX\include</Filter>
		</ClInclude>
		<ClInclude Include="..\..\module\iofx\include\ScaleVsCameraDistance2DModifierParams.h">
			<Filter>IOFX\include</Filter>
		</ClInclude>
		<ClInclude Include="..\..\module\iofx\include\ScaleVsCameraDistance3DModifierParams.h">
			<Filter>IOFX\include</Filter>
		</ClInclude>
		<ClInclude Include="..\..\module\iofx\include\ScaleVsCameraDistanceModifierParams.h">
			<Filter>IOFX\include</Filter>
		</ClInclude>
		<ClInclude Include="..\..\module\iofx\include\ScaleVsDensity2DModifierParams.h">
			<Filter>IOFX\include</Filter>
		</ClInclude>
		<ClInclude Include="..\..\module\iofx\include\ScaleVsDensity3DModifierParams.h">
			<Filter>IOFX\include</Filter>
		</ClInclude>
		<ClInclude Include="..\..\module\iofx\include\ScaleVsDensityModifierParams.h">
			<Filter>IOFX\include</Filter>
		</ClInclude>
		<ClInclude Include="..\..\module\iofx\include\ScaleVsLife2DModifierParams.h">
			<Filter>IOFX\include</Filter>
		</ClInclude>
		<ClInclude Include="..\..\module\iofx\include\ScaleVsLife3DModifierParams.h">
			<Filter>IOFX\include</Filter>
		</ClInclude>
		<ClInclude Include="..\..\module\iofx\include\ScaleVsLifeModifierParams.h">
			<Filter>IOFX\include</Filter>
		</ClInclude>
		<ClInclude Include="..\..\module\iofx\include\ScaleVsTemperature2DModifierParams.h">
			<Filter>IOFX\include</Filter>
		</ClInclude>
		<ClInclude Include="..\..\module\iofx\include\ScaleVsTemperature3DModifierParams.h">
			<Filter>IOFX\include</Filter>
		</ClInclude>
		<ClInclude Include="..\..\module\iofx\include\ScaleVsTemperatureModifierParams.h">
			<Filter>IOFX\include</Filter>
		</ClInclude>
		<ClInclude Include="..\..\module\iofx\include\SimpleScaleModifierParams.h">
			<Filter>IOFX\include</Filter>
		</ClInclude>
		<ClInclude Include="..\..\module\iofx\include\SpriteIofxParameters.h">
			<Filter>IOFX\include</Filter>
		</ClInclude>
		<ClInclude Include="..\..\module\iofx\include\SubtextureVsLifeModifierParams.h">
			<Filter>IOFX\include</Filter>
		</ClInclude>
		<ClInclude Include="..\..\module\iofx\include\ViewDirectionSortingModifierParams.h">
			<Filter>IOFX\include</Filter>
		</ClInclude>
	</ItemGroup>
	<ItemGroup>
		<Filter Include="IOFX\public"><!--  -->
		</Filter>
	</ItemGroup>
	<ItemGroup>
		<ClInclude Include="..\..\module\iofx\public\NxApexRenderVolume.h">
			<Filter>IOFX\public</Filter>
		</ClInclude>
		<ClInclude Include="..\..\module\iofx\public\NxIofxActor.h">
			<Filter>IOFX\public</Filter>
		</ClInclude>
		<ClInclude Include="..\..\module\iofx\public\NxIofxAsset.h">
			<Filter>IOFX\public</Filter>
		</ClInclude>
		<ClInclude Include="..\..\module\iofx\public\NxModifier.h">
			<Filter>IOFX\public</Filter>
		</ClInclude>
		<ClInclude Include="..\..\module\iofx\public\NxModifierDefs.h">
			<Filter>IOFX\public</Filter>
		</ClInclude>
		<ClInclude Include="..\..\module\iofx\public\NxModuleIofx.h">
			<Filter>IOFX\public</Filter>
		</ClInclude>
	</ItemGroup>
	<ItemGroup>
	</ItemGroup>
	<ItemGroup>
		<Filter Include="CUDA Modules"><!-- CUDA_L1 -->
		</Filter>
	</ItemGroup>
	<ItemGroup>
		<None Include="..\..\module\iofx\cuda\actorRanges.cu">
			<Filter>CUDA Modules</Filter>
		</None>
		<None Include="..\..\module\iofx\cuda\bbox.cu">
			<Filter>CUDA Modules</Filter>
		</None>
		<None Include="..\..\module\iofx\cuda\migration.cu">
			<Filter>CUDA Modules</Filter>
		</None>
		<None Include="..\..\module\iofx\cuda\modifier.cu">
			<Filter>CUDA Modules</Filter>
		</None>
		<None Include="..\..\module\iofx\cuda\remap.cu">
			<Filter>CUDA Modules</Filter>
		</None>
		<None Include="..\..\module\iofx\cuda\sort.cu">
			<Filter>CUDA Modules</Filter>
		</None>
		<None Include="..\..\module\iofx\cuda\sortNew.cu">
			<Filter>CUDA Modules</Filter>
		</None>
	</ItemGroup>
	<ItemGroup>
		<Filter Include="CUDA Source"><!--  -->
		</Filter>
	</ItemGroup>
	<ItemGroup>
		<Filter Include="CUDA Source\include"><!--  -->
		</Filter>
	</ItemGroup>
	<ItemGroup>
		<ClInclude Include="..\..\module\iofx\cuda\include\actorRanges.h">
			<Filter>CUDA Source\include</Filter>
		</ClInclude>
		<ClInclude Include="..\..\module\iofx\cuda\include\bbox.h">
			<Filter>CUDA Source\include</Filter>
		</ClInclude>
		<ClInclude Include="..\..\module\iofx\cuda\include\common.h">
			<Filter>CUDA Source\include</Filter>
		</ClInclude>
		<ClInclude Include="..\..\module\iofx\cuda\include\migration.h">
			<Filter>CUDA Source\include</Filter>
		</ClInclude>
		<ClInclude Include="..\..\module\iofx\cuda\include\modifier.h">
			<Filter>CUDA Source\include</Filter>
		</ClInclude>
		<ClInclude Include="..\..\module\iofx\cuda\include\moduleList.h">
			<Filter>CUDA Source\include</Filter>
		</ClInclude>
		<ClInclude Include="..\..\module\iofx\cuda\include\remap.h">
			<Filter>CUDA Source\include</Filter>
		</ClInclude>
		<ClInclude Include="..\..\module\iofx\cuda\include\sort.h">
			<Filter>CUDA Source\include</Filter>
		</ClInclude>
		<ClInclude Include="..\..\module\iofx\cuda\include\sortNew.h">
			<Filter>CUDA Source\include</Filter>
		</ClInclude>
	</ItemGroup>
	<ItemGroup>
	</ItemGroup>
	<ItemGroup>
		<Filter Include="Module Common"><!--  -->
		</Filter>
	</ItemGroup>
	<ItemGroup>
		<Filter Include="Module Common\src"><!--  -->
		</Filter>
	</ItemGroup>
	<ItemGroup>
		<ClCompile Include="..\..\module\common\src\CudaModuleScene.cpp">
			<Filter>Module Common\src</Filter>
		</ClCompile>
		<ClCompile Include="..\..\module\common\src\ModuleProfileCommon.cpp">
			<Filter>Module Common\src</Filter>
		</ClCompile>
	</ItemGroup>
	<ItemGroup>
		<Filter Include="Module Common\include"><!--  -->
		</Filter>
	</ItemGroup>
	<ItemGroup>
		<ClInclude Include="..\..\module\common\include\CommonParamClasses.h">
			<Filter>Module Common\include</Filter>
		</ClInclude>
		<ClInclude Include="..\..\module\common\include\CudaModuleScene.h">
			<Filter>Module Common\include</Filter>
		</ClInclude>
		<ClInclude Include="..\..\module\common\include\ModuleProfileCommon.h">
			<Filter>Module Common\include</Filter>
		</ClInclude>
	</ItemGroup>
	<ItemGroup>
		<Filter Include="Module Common\cuda"><!--  -->
		</Filter>
	</ItemGroup>
	<ItemGroup>
		<None Include="..\..\module\common\cuda\blocksync.cuh">
			<Filter>Module Common\cuda</Filter>
		</None>
		<None Include="..\..\module\common\cuda\common.cuh">
			<Filter>Module Common\cuda</Filter>
		</None>
		<None Include="..\..\module\common\cuda\reduce.cuh">
			<Filter>Module Common\cuda</Filter>
		</None>
		<None Include="..\..\module\common\cuda\scan.cuh">
			<Filter>Module Common\cuda</Filter>
		</None>
	</ItemGroup>
	<ItemGroup>
	</ItemGroup>
</Project>